
Microsoft Visual Studio Solution File, Format Version 12.00
# Visual Studio Version 17
VisualStudioVersion = 17.3.32929.385
MinimumVisualStudioVersion = 10.0.40219.1
Project("{9A19103F-16F7-4668-BE54-9A1E7A4F7556}") = "Spotify.API", "Spotify.API\Spotify.API.csproj", "{437710C5-040E-4184-91F1-D5ED015B5C2E}"
EndProject
Project("{FAE04EC0-301F-11D3-BF4B-00C04F79EFBC}") = "SpotifyInfoDB.Test", "SpotifyInfoDB.Test\SpotifyInfoDB.Test.csproj", "{61363D6B-7A06-4907-A02C-F0E4061A1AC2}"
EndProject
Global
	GlobalSection(SolutionConfigurationPlatforms) = preSolution
		Debug|Any CPU = Debug|Any CPU
		Release|Any CPU = Release|Any CPU
	EndGlobalSection
	GlobalSection(ProjectConfigurationPlatforms) = postSolution
		{437710C5-040E-4184-91F1-D5ED015B5C2E}.Debug|Any CPU.ActiveCfg = Debug|Any CPU
		{437710C5-040E-4184-91F1-D5ED015B5C2E}.Debug|Any CPU.Build.0 = Debug|Any CPU
		{437710C5-040E-4184-91F1-D5ED015B5C2E}.Release|Any CPU.ActiveCfg = Release|Any CPU
		{437710C5-040E-4184-91F1-D5ED015B5C2E}.Release|Any CPU.Build.0 = Release|Any CPU
		{61363D6B-7A06-4907-A02C-F0E4061A1AC2}.Debug|Any CPU.ActiveCfg = Debug|Any CPU
		{61363D6B-7A06-4907-A02C-F0E4061A1AC2}.Debug|Any CPU.Build.0 = Debug|Any CPU
		{61363D6B-7A06-4907-A02C-F0E4061A1AC2}.Release|Any CPU.ActiveCfg = Release|Any CPU
		{61363D6B-7A06-4907-A02C-F0E4061A1AC2}.Release|Any CPU.Build.0 = Release|Any CPU
	EndGlobalSection
	GlobalSection(SolutionProperties) = preSolution
		HideSolutionNode = FALSE
	EndGlobalSection
	GlobalSection(ExtensibilityGlobals) = postSolution
		SolutionGuid = {0EC09626-A48D-43D9-A23E-E8526439112F}
	EndGlobalSection
EndGlobal
